github.com/Guilherme-G-Cadilhe/golang-projects/GolangExpertFullCycle/module-2/6-manipulando-eventos/2-integrando-rabbitmq v0.0.0-20250219023259-67a42457568b h1:LLpYsowMStK8x34fh5EV+CCzz7MpN1yFAmsMHS3UXOs=
github.com/Guilherme-G-Cadilhe/golang-projects/GolangExpertFullCycle/module-2/6-manipulando-eventos/2-integrando-rabbitmq v0.0.0-20250219023259-67a42457568b/go.mod h1:6Hc6Bmkklh+FCjseI93ApgggBUyVH1ShkG6Z/Oqe5Ac=
